{
  "name": "manual-migration-helpers",
  "version": "0.0.1",
  "lockfileVersion": 2,
  "requires": true,
  "packages": {
    "": {
      "name": "manual-migration-helpers",
      "version": "0.0.1",
      "license": "MIT",
      "dependencies": {
        "i18n-iso-countries": "^7.2.0"
      }
    },
    "node_modules/diacritics": {
      "version": "1.3.0",
      "resolved": "https://registry.npmjs.org/diacritics/-/diacritics-1.3.0.tgz",
      "integrity": "sha1-PvqHMj67hj5mls67AILUj/PW96E="
    },
    "node_modules/i18n-iso-countries": {
      "version": "7.2.0",
      "resolved": "https://registry.npmjs.org/i18n-iso-countries/-/i18n-iso-countries-7.2.0.tgz",
      "integrity": "sha512-Gv77ztnU3l5zeJvd0JLbsFsmHOj/rjuTbSJtdUZShedrh3uepWDbbvg49vzvQOdD1HcyzhUT6fhczVx6Lsj7aw==",
      "dependencies": {
        "diacritics": "1.3.0"
      },
      "engines": {
        "node": ">= 12"
      }
    }
  },
  "dependencies": {
    "diacritics": {
      "version": "1.3.0",
      "resolved": "https://registry.npmjs.org/diacritics/-/diacritics-1.3.0.tgz",
      "integrity": "sha1-PvqHMj67hj5mls67AILUj/PW96E="
    },
    "i18n-iso-countries": {
      "version": "7.2.0",
      "resolved": "https://registry.npmjs.org/i18n-iso-countries/-/i18n-iso-countries-7.2.0.tgz",
      "integrity": "sha512-Gv77ztnU3l5zeJvd0JLbsFsmHOj/rjuTbSJtdUZShedrh3uepWDbbvg49vzvQOdD1HcyzhUT6fhczVx6Lsj7aw==",
      "requires": {
        "diacritics": "1.3.0"
      }
    }
  }
}
