[[package]]
name = "attrs"
version = "22.1.0"
description = "Classes Without Boilerplate"
category = "dev"
optional = false
python-versions = ">=3.5"

[package.extras]
dev = ["coverage[toml] (>=5.0.2)", "hypothesis", "pympler", "pytest (>=4.3.0)", "mypy (>=0.900,!=0.940)", "pytest-mypy-plugins", "zope.interface", "furo", "sphinx", "sphinx-notfound-page", "pre-commit", "cloudpickle"]
docs = ["furo", "sphinx", "zope.interface", "sphinx-notfound-page"]
tests = ["coverage[toml] (>=5.0.2)", "hypothesis", "pympler", "pytest (>=4.3.0)", "mypy (>=0.900,!=0.940)", "pytest-mypy-plugins", "zope.interface", "cloudpickle"]
tests_no_zope = ["coverage[toml] (>=5.0.2)", "hypothesis", "pympler", "pytest (>=4.3.0)", "mypy (>=0.900,!=0.940)", "pytest-mypy-plugins", "cloudpickle"]

[[package]]
name = "colorama"
version = "0.4.5"
description = "Cross-platform colored terminal text."
category = "main"
optional = false
python-versions = ">=2.7, !=3.0.*, !=3.1.*, !=3.2.*, !=3.3.*, !=3.4.*"

[[package]]
name = "dnspython"
version = "2.2.1"
description = "DNS toolkit"
category = "main"
optional = false
python-versions = ">=3.6,<4.0"

[package.extras]
dnssec = ["cryptography (>=2.6,<37.0)"]
curio = ["curio (>=1.2,<2.0)", "sniffio (>=1.1,<2.0)"]
doh = ["h2 (>=4.1.0)", "httpx (>=0.21.1)", "requests (>=2.23.0,<3.0.0)", "requests-toolbelt (>=0.9.1,<0.10.0)"]
idna = ["idna (>=2.1,<4.0)"]
trio = ["trio (>=0.14,<0.20)"]
wmi = ["wmi (>=1.5.1,<2.0.0)"]

[[package]]
name = "iniconfig"
version = "1.1.1"
description = "iniconfig: brain-dead simple config-ini parsing"
category = "dev"
optional = false
python-versions = "*"

[[package]]
name = "packaging"
version = "21.3"
description = "Core utilities for Python packages"
category = "dev"
optional = false
python-versions = ">=3.6"

[package.dependencies]
pyparsing = ">=2.0.2,<3.0.5 || >3.0.5"

[[package]]
name = "pluggy"
version = "1.0.0"
description = "plugin and hook calling mechanisms for python"
category = "dev"
optional = false
python-versions = ">=3.6"

[package.extras]
dev = ["pre-commit", "tox"]
testing = ["pytest", "pytest-benchmark"]

[[package]]
name = "py"
version = "1.11.0"
description = "library with cross-python path, ini-parsing, io, code, log facilities"
category = "dev"
optional = false
python-versions = ">=2.7, !=3.0.*, !=3.1.*, !=3.2.*, !=3.3.*, !=3.4.*"

[[package]]
name = "pymongo"
version = "4.3.2"
description = "Python driver for MongoDB <http://www.mongodb.org>"
category = "main"
optional = false
python-versions = ">=3.7"

[package.dependencies]
dnspython = ">=1.16.0,<3.0.0"

[package.extras]
aws = ["pymongo-auth-aws (<2.0.0)"]
encryption = ["pymongocrypt (>=1.3.0,<2.0.0)"]
gssapi = ["pykerberos"]
ocsp = ["pyopenssl (>=17.2.0)", "requests (<3.0.0)", "service-identity (>=18.1.0)", "certifi"]
snappy = ["python-snappy"]
zstd = ["zstandard"]

[[package]]
name = "pyparsing"
version = "3.0.9"
description = "pyparsing module - Classes and methods to define and execute parsing grammars"
category = "dev"
optional = false
python-versions = ">=3.6.8"

[package.extras]
diagrams = ["railroad-diagrams", "jinja2"]

[[package]]
name = "pytest"
version = "7.1.3"
description = "pytest: simple powerful testing with Python"
category = "dev"
optional = false
python-versions = ">=3.7"

[package.dependencies]
attrs = ">=19.2.0"
colorama = {version = "*", markers = "sys_platform == \"win32\""}
iniconfig = "*"
packaging = "*"
pluggy = ">=0.12,<2.0"
py = ">=1.8.2"
tomli = ">=1.0.0"

[package.extras]
testing = ["argcomplete", "hypothesis (>=3.56)", "mock", "nose", "pygments (>=2.7.2)", "requests", "xmlschema"]

[[package]]
name = "tomli"
version = "2.0.1"
description = "A lil' TOML parser"
category = "dev"
optional = false
python-versions = ">=3.7"

[[package]]
name = "tqdm"
version = "4.64.1"
description = "Fast, Extensible Progress Meter"
category = "main"
optional = false
python-versions = "!=3.0.*,!=3.1.*,!=3.2.*,!=3.3.*,>=2.7"

[package.dependencies]
colorama = {version = "*", markers = "platform_system == \"Windows\""}

[package.extras]
dev = ["py-make (>=0.1.0)", "twine", "wheel"]
notebook = ["ipywidgets (>=6)"]
slack = ["slack-sdk"]
telegram = ["requests"]

[metadata]
lock-version = "1.1"
python-versions = "^3.10"
content-hash = "c8612c4d9d768296f6417bfa77e2bd21e008cb05a28e0edda4fb6f117282b505"

[metadata.files]
attrs = [
    {file = "attrs-22.1.0-py2.py3-none-any.whl", hash = "sha256:86efa402f67bf2df34f51a335487cf46b1ec130d02b8d39fd248abfd30da551c"},
    {file = "attrs-22.1.0.tar.gz", hash = "sha256:29adc2665447e5191d0e7c568fde78b21f9672d344281d0c6e1ab085429b22b6"},
]
colorama = [
    {file = "colorama-0.4.5-py2.py3-none-any.whl", hash = "sha256:854bf444933e37f5824ae7bfc1e98d5bce2ebe4160d46b5edf346a89358e99da"},
    {file = "colorama-0.4.5.tar.gz", hash = "sha256:e6c6b4334fc50988a639d9b98aa429a0b57da6e17b9a44f0451f930b6967b7a4"},
]
dnspython = [
    {file = "dnspython-2.2.1-py3-none-any.whl", hash = "sha256:a851e51367fb93e9e1361732c1d60dab63eff98712e503ea7d92e6eccb109b4f"},
    {file = "dnspython-2.2.1.tar.gz", hash = "sha256:0f7569a4a6ff151958b64304071d370daa3243d15941a7beedf0c9fe5105603e"},
]
iniconfig = [
    {file = "iniconfig-1.1.1-py2.py3-none-any.whl", hash = "sha256:011e24c64b7f47f6ebd835bb12a743f2fbe9a26d4cecaa7f53bc4f35ee9da8b3"},
    {file = "iniconfig-1.1.1.tar.gz", hash = "sha256:bc3af051d7d14b2ee5ef9969666def0cd1a000e121eaea580d4a313df4b37f32"},
]
packaging = [
    {file = "packaging-21.3-py3-none-any.whl", hash = "sha256:ef103e05f519cdc783ae24ea4e2e0f508a9c99b2d4969652eed6a2e1ea5bd522"},
    {file = "packaging-21.3.tar.gz", hash = "sha256:dd47c42927d89ab911e606518907cc2d3a1f38bbd026385970643f9c5b8ecfeb"},
]
pluggy = [
    {file = "pluggy-1.0.0-py2.py3-none-any.whl", hash = "sha256:74134bbf457f031a36d68416e1509f34bd5ccc019f0bcc952c7b909d06b37bd3"},
    {file = "pluggy-1.0.0.tar.gz", hash = "sha256:4224373bacce55f955a878bf9cfa763c1e360858e330072059e10bad68531159"},
]
py = [
    {file = "py-1.11.0-py2.py3-none-any.whl", hash = "sha256:607c53218732647dff4acdfcd50cb62615cedf612e72d1724fb1a0cc6405b378"},
    {file = "py-1.11.0.tar.gz", hash = "sha256:51c75c4126074b472f746a24399ad32f6053d1b34b68d2fa41e558e6f4a98719"},
]
pymongo = [
    {file = "pymongo-4.3.2-cp310-cp310-macosx_10_9_universal2.whl", hash = "sha256:68320e5326e2b1e49dcd901e6dcbe3009b8a0fd0da0c618579a2be7cf5f2d7be"},
    {file = "pymongo-4.3.2-cp310-cp310-manylinux1_i686.whl", hash = "sha256:3f41781c8310fe1ae3ed0b809e2d7be6ebba9f0954c08e1d18ac443916b82b29"},
    {file = "pymongo-4.3.2-cp310-cp310-manylinux2014_aarch64.whl", hash = "sha256:372307185d8e17ea31d2f3ff6943e213a6c379ccf547f18b05a58a1620d6f92a"},
    {file = "pymongo-4.3.2-cp310-cp310-manylinux2014_i686.whl", hash = "sha256:1be15568e4b2be4c75bc54a542276c857628e09cbc283befcf4c45a0a22c1eec"},
    {file = "pymongo-4.3.2-cp310-cp310-manylinux2014_ppc64le.whl", hash = "sha256:cad31512e6956c95210fbd585d5b80df28425251260387164c6382894f0c6eca"},
    {file = "pymongo-4.3.2-cp310-cp310-manylinux2014_s390x.whl", hash = "sha256:b510843ea70e5bc9c096a93f683b28e8d43f1ad89da0126502d88b3d90f07ebe"},
    {file = "pymongo-4.3.2-cp310-cp310-manylinux2014_x86_64.whl", hash = "sha256:253faefea46482ffa87c77fdd01cd95d430cc84aae8d7a78ba920ea6cebcf3c7"},
    {file = "pymongo-4.3.2-cp310-cp310-manylinux_2_17_aarch64.manylinux2014_aarch64.whl", hash = "sha256:a06c9ca15a2133478d1c775c4e7e5e782961b6254a3fc81ab5d0fb3cf9b8e358"},
    {file = "pymongo-4.3.2-cp310-cp310-manylinux_2_17_ppc64le.manylinux2014_ppc64le.whl", hash = "sha256:5231eb29e8174509250bc5fc609d6e8eceebfb209bf37bd6e014cbd7b6554344"},
    {file = "pymongo-4.3.2-cp310-cp310-manylinux_2_17_s390x.manylinux2014_s390x.whl", hash = "sha256:178ffaa833d473b16fbd65c4a485af56484a50e2a201e8d0547f98cf5007f133"},
    {file = "pymongo-4.3.2-cp310-cp310-manylinux_2_17_x86_64.manylinux2014_x86_64.whl", hash = "sha256:95f41c4e3b9e315655d6d1136d904ceda24fe5ea2d273ec6f9d66dbef06f3446"},
    {file = "pymongo-4.3.2-cp310-cp310-manylinux_2_5_i686.manylinux1_i686.manylinux_2_17_i686.manylinux2014_i686.whl", hash = "sha256:352bc034e112c9f6a408e2796e74bae900d3167a804224b2c24ea75b5d57e9f9"},
    {file = "pymongo-4.3.2-cp310-cp310-win32.whl", hash = "sha256:28ab644adc92c21a249570e2d677ebf4f2ef374630ddec98f19d2630dcb154c6"},
    {file = "pymongo-4.3.2-cp310-cp310-win_amd64.whl", hash = "sha256:6049927b50c39e7dc51e75b5bb30c8501fbf1f08414b3447bcc9f9f967c116ed"},
    {file = "pymongo-4.3.2-cp311-cp311-macosx_10_9_universal2.whl", hash = "sha256:77436db17ab2baec2356cf38db32d13c7cd11267c8137864c67391f2dfdcc5e4"},
    {file = "pymongo-4.3.2-cp311-cp311-manylinux_2_17_aarch64.manylinux2014_aarch64.whl", hash = "sha256:cefd851fdea191fc4db780157a28a11e0a80bccd34c454a73f252a287d28b2c7"},
    {file = "pymongo-4.3.2-cp311-cp311-manylinux_2_17_ppc64le.manylinux2014_ppc64le.whl", hash = "sha256:7c22ad464688a807bec103734cbdf712489c74d439cdd346e6f12095070bfbf5"},
    {file = "pymongo-4.3.2-cp311-cp311-manylinux_2_17_s390x.manylinux2014_s390x.whl", hash = "sha256:db94b741dde2cc44ec038495d041c8f6dd4d510bb4e5d0be1b9f9aae4fbb28c6"},
    {file = "pymongo-4.3.2-cp311-cp311-manylinux_2_17_x86_64.manylinux2014_x86_64.whl", hash = "sha256:21e1cfa3e73cd253afcad32e2a46a277f52553635ccc0dd4d643f5824af88428"},
    {file = "pymongo-4.3.2-cp311-cp311-manylinux_2_5_i686.manylinux1_i686.manylinux_2_17_i686.manylinux2014_i686.whl", hash = "sha256:c5db3bddbbc2657aa76088e76d24a616aefc98883c48dc27f3c3829ddb2ca10d"},
    {file = "pymongo-4.3.2-cp311-cp311-win32.whl", hash = "sha256:006799ddba1f2e73ce27689f016791ab80e51876c52ae2265d8c76016baaa10e"},
    {file = "pymongo-4.3.2-cp311-cp311-win_amd64.whl", hash = "sha256:0c8f061eabef3a6b3696f7f7be3eaed7928864ff84a2248429f9c7eb564343cc"},
    {file = "pymongo-4.3.2-cp37-cp37m-macosx_10_6_intel.whl", hash = "sha256:80bdfc7039674c670e1afbf95849ce2075731785527eeac7e3850e862dec239b"},
    {file = "pymongo-4.3.2-cp37-cp37m-manylinux1_i686.whl", hash = "sha256:8d81f6f5f6e66481aadd2fc087a937833312de23cd94b5ea1b225f35fafb0a00"},
    {file = "pymongo-4.3.2-cp37-cp37m-manylinux1_x86_64.whl", hash = "sha256:02140c1a9f2107a16c074c9e558a556faafb0dc3c2e9332c6685c5506823ab9d"},
    {file = "pymongo-4.3.2-cp37-cp37m-manylinux2014_aarch64.whl", hash = "sha256:b4b683a40cf07b6d16704ead92a7aee24208d3af83d55d31248cdac003f8591c"},
    {file = "pymongo-4.3.2-cp37-cp37m-manylinux2014_i686.whl", hash = "sha256:dab1d89f969046057be2b904a7bbf40df114f43aebfb3ccdceb054d9c40ec56d"},
    {file = "pymongo-4.3.2-cp37-cp37m-manylinux2014_ppc64le.whl", hash = "sha256:0f48c2562a1d1426b6db7567511dc62817df43357041e1fd4ea5c68278bfa11b"},
    {file = "pymongo-4.3.2-cp37-cp37m-manylinux2014_s390x.whl", hash = "sha256:ce14598b8fa93e51aed0f400e446fddd6b26297ba5965fd0c0585614b60b9fc0"},
    {file = "pymongo-4.3.2-cp37-cp37m-manylinux2014_x86_64.whl", hash = "sha256:af46f635513c7339419374f46f4f662cee7140bfb86de4377885a2c1de2278d4"},
    {file = "pymongo-4.3.2-cp37-cp37m-manylinux_2_17_aarch64.manylinux2014_aarch64.whl", hash = "sha256:e96483316a799923f13bb61170f05feab22e8bd8630bf8cdcd440c78f307039a"},
    {file = "pymongo-4.3.2-cp37-cp37m-manylinux_2_17_ppc64le.manylinux2014_ppc64le.whl", hash = "sha256:07f58d05d2289f93e16ddc93be6e0453fa67afd33c1b015f6bd3d9741c0963ff"},
    {file = "pymongo-4.3.2-cp37-cp37m-manylinux_2_17_s390x.manylinux2014_s390x.whl", hash = "sha256:8817b17db2013354aa7f187d5825d65da0d7720b5ca697af37ff5efdf97e7f62"},
    {file = "pymongo-4.3.2-cp37-cp37m-manylinux_2_17_x86_64.manylinux2014_x86_64.whl", hash = "sha256:36e7a74bdab9aa19f5ac94dfd74111d2164ccea752afbef0aa039d1266e7c404"},
    {file = "pymongo-4.3.2-cp37-cp37m-manylinux_2_5_i686.manylinux1_i686.manylinux_2_17_i686.manylinux2014_i686.whl", hash = "sha256:6db95d3e955aa5dbe42db691dd77cdddc0bc15f9883aa1def51f3ca40d49c1d6"},
    {file = "pymongo-4.3.2-cp37-cp37m-manylinux_2_5_i686.manylinux1_i686.whl", hash = "sha256:aee8fafea8bb669deb0dd4878d947f79b2ef298e60f06e1fe799598929b68be2"},
    {file = "pymongo-4.3.2-cp37-cp37m-manylinux_2_5_x86_64.manylinux1_x86_64.whl", hash = "sha256:cea32bd14d8c0725e22e5fcc607a81e3636650c689697c12423a34f9a125c7e2"},
    {file = "pymongo-4.3.2-cp37-cp37m-win32.whl", hash = "sha256:3966dcba4b80dbc0eb4dd08d6f7127e3b1701cd829b6c13507a956c878b78546"},
    {file = "pymongo-4.3.2-cp37-cp37m-win_amd64.whl", hash = "sha256:6461d29a967e1980ba7798e4da8178dbe4245fe4a66ebb3aa07339c9da383c3a"},
    {file = "pymongo-4.3.2-cp38-cp38-macosx_10_9_x86_64.whl", hash = "sha256:b36da8aeb95cc1abea7b80e578fb6bcdbe395638d16b1b0068bc121e2111a00f"},
    {file = "pymongo-4.3.2-cp38-cp38-manylinux1_i686.whl", hash = "sha256:315fe5f628e9aee67cc4c17b91ddf08c5c0917b764f433a5acf9aed33164a8f0"},
    {file = "pymongo-4.3.2-cp38-cp38-manylinux1_x86_64.whl", hash = "sha256:07e05784578bf7f8ecdfc6d0fd1e684e6259e9b5fdb5439a58c4f0df950fae29"},
    {file = "pymongo-4.3.2-cp38-cp38-manylinux2014_aarch64.whl", hash = "sha256:f84b8428a41d7d7f2931762c27b09ffa8b3bc51e3b5dab40ab2b1d008091247e"},
    {file = "pymongo-4.3.2-cp38-cp38-manylinux2014_i686.whl", hash = "sha256:39308580bcdbc368a2664c48761226c06b1d3368cc3ab3492d3cca88dc2e5e27"},
    {file = "pymongo-4.3.2-cp38-cp38-manylinux2014_ppc64le.whl", hash = "sha256:7f907daec92208d748db4ea04568aa33e9254e0c27e4e40ac287e1b1ca8b12b5"},
    {file = "pymongo-4.3.2-cp38-cp38-manylinux2014_s390x.whl", hash = "sha256:cb47ba9c19da8fb4174f9d7bbbdb1796ad288c61dda35c96fb45d69e61d3a5cb"},
    {file = "pymongo-4.3.2-cp38-cp38-manylinux2014_x86_64.whl", hash = "sha256:0d7ad2112a705e992ca0cca98ccbb874276c495f8d9df627438c2ee94f810a3d"},
    {file = "pymongo-4.3.2-cp38-cp38-manylinux_2_17_aarch64.manylinux2014_aarch64.whl", hash = "sha256:e4082d1b660e70d9df71da00050f7adb902b73a2287216e69ada124bd2f89636"},
    {file = "pymongo-4.3.2-cp38-cp38-manylinux_2_17_ppc64le.manylinux2014_ppc64le.whl", hash = "sha256:26dd79e60f883b6467b91c8af0be484147365b18cebf9248f8e72c035aecb693"},
    {file = "pymongo-4.3.2-cp38-cp38-manylinux_2_17_s390x.manylinux2014_s390x.whl", hash = "sha256:715ad027daff84e213ab74fa3ec98cad8dabb669653a71daa0dd6f80a1c32dd0"},
    {file = "pymongo-4.3.2-cp38-cp38-manylinux_2_17_x86_64.manylinux2014_x86_64.whl", hash = "sha256:ceded83530f5507dadd873f8d004b56f996de44d9c3f56b7f26c22ca823f12ee"},
    {file = "pymongo-4.3.2-cp38-cp38-manylinux_2_5_i686.manylinux1_i686.manylinux_2_17_i686.manylinux2014_i686.whl", hash = "sha256:8f968621d019ed165f1cb5b037875ce3425ea7704407234895c7c52ad32190da"},
    {file = "pymongo-4.3.2-cp38-cp38-manylinux_2_5_i686.manylinux1_i686.whl", hash = "sha256:4f7763c9e37e6d59406ce2defc25266980b24a86708ec6db753b02459db45715"},
    {file = "pymongo-4.3.2-cp38-cp38-manylinux_2_5_x86_64.manylinux1_x86_64.whl", hash = "sha256:f3861081540e1f06d1e5d131d1419b9fc507834b6865407e0f56735b4082566c"},
    {file = "pymongo-4.3.2-cp38-cp38-win32.whl", hash = "sha256:7424b7c59b16e7889a720a5b2e2dda518753c6fec6c6582ab2fcedf97df3df75"},
    {file = "pymongo-4.3.2-cp38-cp38-win_amd64.whl", hash = "sha256:64b010681019c0b312f342e3aae1f3091a7dc7ff4b7a3dec72fc0e7238be9477"},
    {file = "pymongo-4.3.2-cp39-cp39-macosx_10_9_universal2.whl", hash = "sha256:cc7b269af274ac0d5d9a5c8d035b03ccc34438baa01705bf8ec7cc6a31093ace"},
    {file = "pymongo-4.3.2-cp39-cp39-manylinux1_i686.whl", hash = "sha256:68213f4c1531b95dcfef40f79dd95e94484f69ec5949b7f42f82ad2bee135f7f"},
    {file = "pymongo-4.3.2-cp39-cp39-manylinux1_x86_64.whl", hash = "sha256:11630f5b3287375c85f5b7a788d3a7241671af24fda2b49a3396bc53cbf1c0c6"},
    {file = "pymongo-4.3.2-cp39-cp39-manylinux2014_aarch64.whl", hash = "sha256:35e9eec45a212306143367b0702c2aff75c375290015af00fa8b653641c20b34"},
    {file = "pymongo-4.3.2-cp39-cp39-manylinux2014_i686.whl", hash = "sha256:94639935caf13af551429bd13e4cb20e7c110a57d07f0c6a84a9bf3c2c9000ad"},
    {file = "pymongo-4.3.2-cp39-cp39-manylinux2014_ppc64le.whl", hash = "sha256:7ce5d43c011e03cd1a42a4dcc0d5c8772f18533cdfe672a63607942d62581df4"},
    {file = "pymongo-4.3.2-cp39-cp39-manylinux2014_s390x.whl", hash = "sha256:98fd65c2aee7a55615dda1a1b0340ae8d756151983cb5040ea59a730083221e7"},
    {file = "pymongo-4.3.2-cp39-cp39-manylinux2014_x86_64.whl", hash = "sha256:c8e82d6cc2f1cf5017485f55d67375bacf73d95c40903759e46024a987bab86f"},
    {file = "pymongo-4.3.2-cp39-cp39-manylinux_2_17_aarch64.manylinux2014_aarch64.whl", hash = "sha256:ab7f49c5ca3db7ae94743b0da1b21c5e7402a561a0614c1b0fba718aad591611"},
    {file = "pymongo-4.3.2-cp39-cp39-manylinux_2_17_ppc64le.manylinux2014_ppc64le.whl", hash = "sha256:404bc7f7190e8975f41f0c7498e303e9cb291f6384e1889ac4333448652a83d6"},
    {file = "pymongo-4.3.2-cp39-cp39-manylinux_2_17_s390x.manylinux2014_s390x.whl", hash = "sha256:2c821c897498e3e3c3254f7a90195f71473361f502201fd396281869d8108857"},
    {file = "pymongo-4.3.2-cp39-cp39-manylinux_2_17_x86_64.manylinux2014_x86_64.whl", hash = "sha256:6498ae9a76ad64617703373a43e3cd8454271bca0d7d395b393b4f31aa68f734"},
    {file = "pymongo-4.3.2-cp39-cp39-manylinux_2_5_i686.manylinux1_i686.manylinux_2_17_i686.manylinux2014_i686.whl", hash = "sha256:7b2a8b2b7d9196d46e5181f88632eeca5bf79a69ca2e9911229c58f66aebfbeb"},
    {file = "pymongo-4.3.2-cp39-cp39-manylinux_2_5_i686.manylinux1_i686.whl", hash = "sha256:f423e066de040f4f93dcac0e6ceec37ffc25cc591a609ecc3ab20adfdbb787ae"},
    {file = "pymongo-4.3.2-cp39-cp39-manylinux_2_5_x86_64.manylinux1_x86_64.whl", hash = "sha256:04597a5d877a984b5e3059e942b02d68f8af9bb4328592abca27e82015560112"},
    {file = "pymongo-4.3.2-cp39-cp39-win32.whl", hash = "sha256:53dd2c034fb92c019e5e581cd361ed3fa9833abb56cc76725d56dcba169746fe"},
    {file = "pymongo-4.3.2-cp39-cp39-win_amd64.whl", hash = "sha256:d7bdfac2f3c87d0971691f2a091427f55bb6b94b23d74213ed2de87d8facba85"},
    {file = "pymongo-4.3.2.tar.gz", hash = "sha256:95913659d6c5fc714e662533d014836c988cc1561684f07b6a0a8343651afa66"},
]
pyparsing = [
    {file = "pyparsing-3.0.9-py3-none-any.whl", hash = "sha256:5026bae9a10eeaefb61dab2f09052b9f4307d44aee4eda64b309723d8d206bbc"},
    {file = "pyparsing-3.0.9.tar.gz", hash = "sha256:2b020ecf7d21b687f219b71ecad3631f644a47f01403fa1d1036b0c6416d70fb"},
]
pytest = [
    {file = "pytest-7.1.3-py3-none-any.whl", hash = "sha256:1377bda3466d70b55e3f5cecfa55bb7cfcf219c7964629b967c37cf0bda818b7"},
    {file = "pytest-7.1.3.tar.gz", hash = "sha256:4f365fec2dff9c1162f834d9f18af1ba13062db0c708bf7b946f8a5c76180c39"},
]
tomli = [
    {file = "tomli-2.0.1-py3-none-any.whl", hash = "sha256:939de3e7a6161af0c887ef91b7d41a53e7c5a1ca976325f429cb46ea9bc30ecc"},
    {file = "tomli-2.0.1.tar.gz", hash = "sha256:de526c12914f0c550d15924c62d72abc48d6fe7364aa87328337a31007fe8a4f"},
]
tqdm = [
    {file = "tqdm-4.64.1-py2.py3-none-any.whl", hash = "sha256:6fee160d6ffcd1b1c68c65f14c829c22832bc401726335ce92c52d395944a6a1"},
    {file = "tqdm-4.64.1.tar.gz", hash = "sha256:5f4f682a004951c1b450bc753c710e9280c5746ce6ffedee253ddbcbf54cf1e4"},
]
