{
  "name": "prepare_fields_list",
  "version": "0.0.1",
  "lockfileVersion": 1,
  "requires": true,
  "dependencies": {
    "@types/node": {
      "version": "16.7.8",
      "resolved": "https://registry.npmjs.org/@types/node/-/node-16.7.8.tgz",
      "integrity": "sha512-8upnoQU0OPzbIkm+ZMM0zCeFCkw2s3mS0IWdx0+AAaWqm4fkBb0UJp8Edl7FVKRamYbpJC/aVsHpKWBIbiC7Zg==",
      "dev": true
    },
    "typescript": {
      "version": "4.3.5",
      "resolved": "https://registry.npmjs.org/typescript/-/typescript-4.3.5.tgz",
      "integrity": "sha512-DqQgihaQ9cUrskJo9kIyW/+g0Vxsk8cDtZ52a3NGh0YNTfpUSArXSohyUGnvbPazEPLu398C0UxmKSOrPumUzA=="
    }
  }
}
